// !$*UTF8*$!
{
	archiveVersion = 1;
	classes = {
	};
	objectVersion = 46;
	objects = {

/* Begin PBXBuildFile section */
		260F13DCBDE7F4535FE4F8F5 /* Pods_CouponAppUITests.framework in Frameworks */ = {isa = PBXBuildFile; fileRef = 2445837F14F4C552A413040C /* Pods_CouponAppUITests.framework */; };
		34BDB49FA1CA0C668CE2C305 /* Pods_CouponAppTests.framework in Frameworks */ = {isa = PBXBuildFile; fileRef = B3A5133BABC5E582B8DD83BF /* Pods_CouponAppTests.framework */; };
		592FE2161FCAD9FB00C07C84 /* CouponView.swift in Sources */ = {isa = PBXBuildFile; fileRef = 592FE2151FCAD9FB00C07C84 /* CouponView.swift */; };
		594A563A1FD814AF005EAA9C /* UserCouponModel.swift in Sources */ = {isa = PBXBuildFile; fileRef = 594A56391FD814AF005EAA9C /* UserCouponModel.swift */; };
		594A563C1FD814EC005EAA9C /* MerchantModel.swift in Sources */ = {isa = PBXBuildFile; fileRef = 594A563B1FD814EC005EAA9C /* MerchantModel.swift */; };
		5960FA2F1FCEE18300135CA4 /* UserMerchantTableViewController.swift in Sources */ = {isa = PBXBuildFile; fileRef = 5960FA2E1FCEE18300135CA4 /* UserMerchantTableViewController.swift */; };
		596303771F431411000E2701 /* AppDelegate.swift in Sources */ = {isa = PBXBuildFile; fileRef = 596303761F431411000E2701 /* AppDelegate.swift */; };
		596303791F431411000E2701 /* ViewController.swift in Sources */ = {isa = PBXBuildFile; fileRef = 596303781F431411000E2701 /* ViewController.swift */; };
		5963037C1F431411000E2701 /* Main.storyboard in Resources */ = {isa = PBXBuildFile; fileRef = 5963037A1F431411000E2701 /* Main.storyboard */; };
		5963037E1F431411000E2701 /* Assets.xcassets in Resources */ = {isa = PBXBuildFile; fileRef = 5963037D1F431411000E2701 /* Assets.xcassets */; };
		596303811F431411000E2701 /* LaunchScreen.storyboard in Resources */ = {isa = PBXBuildFile; fileRef = 5963037F1F431411000E2701 /* LaunchScreen.storyboard */; };
		5963038C1F431412000E2701 /* CouponAppTests.swift in Sources */ = {isa = PBXBuildFile; fileRef = 5963038B1F431412000E2701 /* CouponAppTests.swift */; };
		596303971F431412000E2701 /* CouponAppUITests.swift in Sources */ = {isa = PBXBuildFile; fileRef = 596303961F431412000E2701 /* CouponAppUITests.swift */; };
		596303A51F4314E3000E2701 /* CouponListViewController.swift in Sources */ = {isa = PBXBuildFile; fileRef = 596303A41F4314E3000E2701 /* CouponListViewController.swift */; };
		59D9AB891FCAD0D000A1F78E /* libsqlite3.tbd in Frameworks */ = {isa = PBXBuildFile; fileRef = 59D9AB881FCAD0D000A1F78E /* libsqlite3.tbd */; };
		59D9ABA01FCAD79600A1F78E /* coupon.db in Resources */ = {isa = PBXBuildFile; fileRef = 59D9AB9D1FCAD79600A1F78E /* coupon.db */; };
		59D9ABA11FCAD79600A1F78E /* SQLInterface.swift in Sources */ = {isa = PBXBuildFile; fileRef = 59D9AB9F1FCAD79600A1F78E /* SQLInterface.swift */; };
		C12782B3A01E2A91AC6D9A8B /* Pods_CouponApp.framework in Frameworks */ = {isa = PBXBuildFile; fileRef = 5CD378463054031048ADFA07 /* Pods_CouponApp.framework */; };
/* End PBXBuildFile section */

/* Begin PBXContainerItemProxy section */
		596303881F431412000E2701 /* PBXContainerItemProxy */ = {
			isa = PBXContainerItemProxy;
			containerPortal = 5963036B1F431411000E2701 /* Project object */;
			proxyType = 1;
			remoteGlobalIDString = 596303721F431411000E2701;
			remoteInfo = CouponApp;
		};
		596303931F431412000E2701 /* PBXContainerItemProxy */ = {
			isa = PBXContainerItemProxy;
			containerPortal = 5963036B1F431411000E2701 /* Project object */;
			proxyType = 1;
			remoteGlobalIDString = 596303721F431411000E2701;
			remoteInfo = CouponApp;
		};
/* End PBXContainerItemProxy section */

/* Begin PBXFileReference section */
		147FDE59F9F30C0EF2E0F3D7 /* Pods-CouponAppUITests.release.xcconfig */ = {isa = PBXFileReference; includeInIndex = 1; lastKnownFileType = text.xcconfig; name = "Pods-CouponAppUITests.release.xcconfig"; path = "Pods/Target Support Files/Pods-CouponAppUITests/Pods-CouponAppUITests.release.xcconfig"; sourceTree = "<group>"; };
		2445837F14F4C552A413040C /* Pods_CouponAppUITests.framework */ = {isa = PBXFileReference; explicitFileType = wrapper.framework; includeInIndex = 0; path = Pods_CouponAppUITests.framework; sourceTree = BUILT_PRODUCTS_DIR; };
		592FE2151FCAD9FB00C07C84 /* CouponView.swift */ = {isa = PBXFileReference; fileEncoding = 4; lastKnownFileType = sourcecode.swift; path = CouponView.swift; sourceTree = "<group>"; };
		594A56391FD814AF005EAA9C /* UserCouponModel.swift */ = {isa = PBXFileReference; lastKnownFileType = sourcecode.swift; path = UserCouponModel.swift; sourceTree = "<group>"; };
		594A563B1FD814EC005EAA9C /* MerchantModel.swift */ = {isa = PBXFileReference; lastKnownFileType = sourcecode.swift; path = MerchantModel.swift; sourceTree = "<group>"; };
		5960FA2E1FCEE18300135CA4 /* UserMerchantTableViewController.swift */ = {isa = PBXFileReference; lastKnownFileType = sourcecode.swift; path = UserMerchantTableViewController.swift; sourceTree = "<group>"; };
		596303731F431411000E2701 /* CouponApp.app */ = {isa = PBXFileReference; explicitFileType = wrapper.application; includeInIndex = 0; path = CouponApp.app; sourceTree = BUILT_PRODUCTS_DIR; };
		596303761F431411000E2701 /* AppDelegate.swift */ = {isa = PBXFileReference; lastKnownFileType = sourcecode.swift; path = AppDelegate.swift; sourceTree = "<group>"; };
		596303781F431411000E2701 /* ViewController.swift */ = {isa = PBXFileReference; lastKnownFileType = sourcecode.swift; path = ViewController.swift; sourceTree = "<group>"; };
		5963037B1F431411000E2701 /* Base */ = {isa = PBXFileReference; lastKnownFileType = file.storyboard; name = Base; path = Base.lproj/Main.storyboard; sourceTree = "<group>"; };
		5963037D1F431411000E2701 /* Assets.xcassets */ = {isa = PBXFileReference; lastKnownFileType = folder.assetcatalog; path = Assets.xcassets; sourceTree = "<group>"; };
		596303801F431411000E2701 /* Base */ = {isa = PBXFileReference; lastKnownFileType = file.storyboard; name = Base; path = Base.lproj/LaunchScreen.storyboard; sourceTree = "<group>"; };
		596303821F431411000E2701 /* Info.plist */ = {isa = PBXFileReference; lastKnownFileType = text.plist.xml; path = Info.plist; sourceTree = "<group>"; };
		596303871F431412000E2701 /* CouponAppTests.xctest */ = {isa = PBXFileReference; explicitFileType = wrapper.cfbundle; includeInIndex = 0; path = CouponAppTests.xctest; sourceTree = BUILT_PRODUCTS_DIR; };
		5963038B1F431412000E2701 /* CouponAppTests.swift */ = {isa = PBXFileReference; lastKnownFileType = sourcecode.swift; path = CouponAppTests.swift; sourceTree = "<group>"; };
		5963038D1F431412000E2701 /* Info.plist */ = {isa = PBXFileReference; lastKnownFileType = text.plist.xml; path = Info.plist; sourceTree = "<group>"; };
		596303921F431412000E2701 /* CouponAppUITests.xctest */ = {isa = PBXFileReference; explicitFileType = wrapper.cfbundle; includeInIndex = 0; path = CouponAppUITests.xctest; sourceTree = BUILT_PRODUCTS_DIR; };
		596303961F431412000E2701 /* CouponAppUITests.swift */ = {isa = PBXFileReference; lastKnownFileType = sourcecode.swift; path = CouponAppUITests.swift; sourceTree = "<group>"; };
		596303981F431412000E2701 /* Info.plist */ = {isa = PBXFileReference; lastKnownFileType = text.plist.xml; path = Info.plist; sourceTree = "<group>"; };
		596303A41F4314E3000E2701 /* CouponListViewController.swift */ = {isa = PBXFileReference; fileEncoding = 4; lastKnownFileType = sourcecode.swift; path = CouponListViewController.swift; sourceTree = "<group>"; };
		59864E9F59AE114B7BD338A5 /* Pods-CouponApp.release.xcconfig */ = {isa = PBXFileReference; includeInIndex = 1; lastKnownFileType = text.xcconfig; name = "Pods-CouponApp.release.xcconfig"; path = "Pods/Target Support Files/Pods-CouponApp/Pods-CouponApp.release.xcconfig"; sourceTree = "<group>"; };
		59D9AB881FCAD0D000A1F78E /* libsqlite3.tbd */ = {isa = PBXFileReference; lastKnownFileType = "sourcecode.text-based-dylib-definition"; name = libsqlite3.tbd; path = usr/lib/libsqlite3.tbd; sourceTree = SDKROOT; };
		59D9AB9D1FCAD79600A1F78E /* coupon.db */ = {isa = PBXFileReference; lastKnownFileType = file; path = coupon.db; sourceTree = "<group>"; };
		59D9AB9E1FCAD79600A1F78E /* CouponApp-Bridging-Header.h */ = {isa = PBXFileReference; fileEncoding = 4; lastKnownFileType = sourcecode.c.h; path = "CouponApp-Bridging-Header.h"; sourceTree = "<group>"; };
		59D9AB9F1FCAD79600A1F78E /* SQLInterface.swift */ = {isa = PBXFileReference; fileEncoding = 4; lastKnownFileType = sourcecode.swift; path = SQLInterface.swift; sourceTree = "<group>"; };
		5CD378463054031048ADFA07 /* Pods_CouponApp.framework */ = {isa = PBXFileReference; explicitFileType = wrapper.framework; includeInIndex = 0; path = Pods_CouponApp.framework; sourceTree = BUILT_PRODUCTS_DIR; };
		A9CB625640CD127D29FA30C7 /* Pods-CouponAppTests.debug.xcconfig */ = {isa = PBXFileReference; includeInIndex = 1; lastKnownFileType = text.xcconfig; name = "Pods-CouponAppTests.debug.xcconfig"; path = "Pods/Target Support Files/Pods-CouponAppTests/Pods-CouponAppTests.debug.xcconfig"; sourceTree = "<group>"; };
		B3A5133BABC5E582B8DD83BF /* Pods_CouponAppTests.framework */ = {isa = PBXFileReference; explicitFileType = wrapper.framework; includeInIndex = 0; path = Pods_CouponAppTests.framework; sourceTree = BUILT_PRODUCTS_DIR; };
		C4E91D97CC703791789EE5F7 /* Pods-CouponApp.debug.xcconfig */ = {isa = PBXFileReference; includeInIndex = 1; lastKnownFileType = text.xcconfig; name = "Pods-CouponApp.debug.xcconfig"; path = "Pods/Target Support Files/Pods-CouponApp/Pods-CouponApp.debug.xcconfig"; sourceTree = "<group>"; };
		D3BAB4F2F2BAAA4889813215 /* Pods-CouponAppUITests.debug.xcconfig */ = {isa = PBXFileReference; includeInIndex = 1; lastKnownFileType = text.xcconfig; name = "Pods-CouponAppUITests.debug.xcconfig"; path = "Pods/Target Support Files/Pods-CouponAppUITests/Pods-CouponAppUITests.debug.xcconfig"; sourceTree = "<group>"; };
		FF3AEACDD981EAA9CE137BBC /* Pods-CouponAppTests.release.xcconfig */ = {isa = PBXFileReference; includeInIndex = 1; lastKnownFileType = text.xcconfig; name = "Pods-CouponAppTests.release.xcconfig"; path = "Pods/Target Support Files/Pods-CouponAppTests/Pods-CouponAppTests.release.xcconfig"; sourceTree = "<group>"; };
/* End PBXFileReference section */

/* Begin PBXFrameworksBuildPhase section */
		596303701F431411000E2701 /* Frameworks */ = {
			isa = PBXFrameworksBuildPhase;
			buildActionMask = 2147483647;
			files = (
				59D9AB891FCAD0D000A1F78E /* libsqlite3.tbd in Frameworks */,
				C12782B3A01E2A91AC6D9A8B /* Pods_CouponApp.framework in Frameworks */,
			);
			runOnlyForDeploymentPostprocessing = 0;
		};
		596303841F431412000E2701 /* Frameworks */ = {
			isa = PBXFrameworksBuildPhase;
			buildActionMask = 2147483647;
			files = (
				34BDB49FA1CA0C668CE2C305 /* Pods_CouponAppTests.framework in Frameworks */,
			);
			runOnlyForDeploymentPostprocessing = 0;
		};
		5963038F1F431412000E2701 /* Frameworks */ = {
			isa = PBXFrameworksBuildPhase;
			buildActionMask = 2147483647;
			files = (
				260F13DCBDE7F4535FE4F8F5 /* Pods_CouponAppUITests.framework in Frameworks */,
			);
			runOnlyForDeploymentPostprocessing = 0;
		};
/* End PBXFrameworksBuildPhase section */

/* Begin PBXGroup section */
		33A44ABBBF1E814232951653 /* Frameworks */ = {
			isa = PBXGroup;
			children = (
				59D9AB881FCAD0D000A1F78E /* libsqlite3.tbd */,
				5CD378463054031048ADFA07 /* Pods_CouponApp.framework */,
				B3A5133BABC5E582B8DD83BF /* Pods_CouponAppTests.framework */,
				2445837F14F4C552A413040C /* Pods_CouponAppUITests.framework */,
			);
			name = Frameworks;
			sourceTree = "<group>";
		};
		592FE2141FCAD9FB00C07C84 /* view */ = {
			isa = PBXGroup;
			children = (
				592FE2151FCAD9FB00C07C84 /* CouponView.swift */,
			);
			path = view;
			sourceTree = "<group>";
		};
		594A56381FD8148F005EAA9C /* model */ = {
			isa = PBXGroup;
			children = (
				594A56391FD814AF005EAA9C /* UserCouponModel.swift */,
				594A563B1FD814EC005EAA9C /* MerchantModel.swift */,
			);
			path = model;
			sourceTree = "<group>";
		};
		5960FA301FCEE1FF00135CA4 /* viewController */ = {
			isa = PBXGroup;
			children = (
				596303781F431411000E2701 /* ViewController.swift */,
				596303A41F4314E3000E2701 /* CouponListViewController.swift */,
				5960FA2E1FCEE18300135CA4 /* UserMerchantTableViewController.swift */,
			);
			path = viewController;
			sourceTree = "<group>";
		};
		5963036A1F431411000E2701 = {
			isa = PBXGroup;
			children = (
				596303751F431411000E2701 /* CouponApp */,
				5963038A1F431412000E2701 /* CouponAppTests */,
				596303951F431412000E2701 /* CouponAppUITests */,
				596303741F431411000E2701 /* Products */,
				F9E87BFC1C800E97B09616A5 /* Pods */,
				33A44ABBBF1E814232951653 /* Frameworks */,
			);
			sourceTree = "<group>";
		};
		596303741F431411000E2701 /* Products */ = {
			isa = PBXGroup;
			children = (
				596303731F431411000E2701 /* CouponApp.app */,
				596303871F431412000E2701 /* CouponAppTests.xctest */,
				596303921F431412000E2701 /* CouponAppUITests.xctest */,
			);
			name = Products;
			sourceTree = "<group>";
		};
		596303751F431411000E2701 /* CouponApp */ = {
			isa = PBXGroup;
			children = (
				594A56381FD8148F005EAA9C /* model */,
				5960FA301FCEE1FF00135CA4 /* viewController */,
				592FE2141FCAD9FB00C07C84 /* view */,
				59D9AB9C1FCAD79600A1F78E /* sqlite3 */,
				596303761F431411000E2701 /* AppDelegate.swift */,
				5963037A1F431411000E2701 /* Main.storyboard */,
				5963037D1F431411000E2701 /* Assets.xcassets */,
				5963037F1F431411000E2701 /* LaunchScreen.storyboard */,
				596303821F431411000E2701 /* Info.plist */,
			);
			path = CouponApp;
			sourceTree = "<group>";
		};
		5963038A1F431412000E2701 /* CouponAppTests */ = {
			isa = PBXGroup;
			children = (
				5963038B1F431412000E2701 /* CouponAppTests.swift */,
				5963038D1F431412000E2701 /* Info.plist */,
			);
			path = CouponAppTests;
			sourceTree = "<group>";
		};
		596303951F431412000E2701 /* CouponAppUITests */ = {
			isa = PBXGroup;
			children = (
				596303961F431412000E2701 /* CouponAppUITests.swift */,
				596303981F431412000E2701 /* Info.plist */,
			);
			path = CouponAppUITests;
			sourceTree = "<group>";
		};
		59D9AB9C1FCAD79600A1F78E /* sqlite3 */ = {
			isa = PBXGroup;
			children = (
				59D9AB9D1FCAD79600A1F78E /* coupon.db */,
				59D9AB9E1FCAD79600A1F78E /* CouponApp-Bridging-Header.h */,
				59D9AB9F1FCAD79600A1F78E /* SQLInterface.swift */,
			);
			path = sqlite3;
			sourceTree = "<group>";
		};
		F9E87BFC1C800E97B09616A5 /* Pods */ = {
			isa = PBXGroup;
			children = (
				C4E91D97CC703791789EE5F7 /* Pods-CouponApp.debug.xcconfig */,
				59864E9F59AE114B7BD338A5 /* Pods-CouponApp.release.xcconfig */,
				A9CB625640CD127D29FA30C7 /* Pods-CouponAppTests.debug.xcconfig */,
				FF3AEACDD981EAA9CE137BBC /* Pods-CouponAppTests.release.xcconfig */,
				D3BAB4F2F2BAAA4889813215 /* Pods-CouponAppUITests.debug.xcconfig */,
				147FDE59F9F30C0EF2E0F3D7 /* Pods-CouponAppUITests.release.xcconfig */,
			);
			name = Pods;
			sourceTree = "<group>";
		};
/* End PBXGroup section */

/* Begin PBXNativeTarget section */
		596303721F431411000E2701 /* CouponApp */ = {
			isa = PBXNativeTarget;
			buildConfigurationList = 5963039B1F431412000E2701 /* Build configuration list for PBXNativeTarget "CouponApp" */;
			buildPhases = (
				12689F67A374BBAD2B41BE1E /* [CP] Check Pods Manifest.lock */,
				5963036F1F431411000E2701 /* Sources */,
				596303701F431411000E2701 /* Frameworks */,
				596303711F431411000E2701 /* Resources */,
				A40B1F91B63B8F66DC6B2AF0 /* [CP] Embed Pods Frameworks */,
				F5F33046233AA2D05EC9DF61 /* [CP] Copy Pods Resources */,
			);
			buildRules = (
			);
			dependencies = (
			);
			name = CouponApp;
			productName = CouponApp;
			productReference = 596303731F431411000E2701 /* CouponApp.app */;
			productType = "com.apple.product-type.application";
		};
		596303861F431412000E2701 /* CouponAppTests */ = {
			isa = PBXNativeTarget;
			buildConfigurationList = 5963039E1F431412000E2701 /* Build configuration list for PBXNativeTarget "CouponAppTests" */;
			buildPhases = (
				192FFF75A27D3EDA75D8536F /* [CP] Check Pods Manifest.lock */,
				596303831F431412000E2701 /* Sources */,
				596303841F431412000E2701 /* Frameworks */,
				596303851F431412000E2701 /* Resources */,
				9145A2C01FADA2A3476F1DA5 /* [CP] Embed Pods Frameworks */,
				F20EE737AAAA3E38ACBC0013 /* [CP] Copy Pods Resources */,
			);
			buildRules = (
			);
			dependencies = (
				596303891F431412000E2701 /* PBXTargetDependency */,
			);
			name = CouponAppTests;
			productName = CouponAppTests;
			productReference = 596303871F431412000E2701 /* CouponAppTests.xctest */;
			productType = "com.apple.product-type.bundle.unit-test";
		};
		596303911F431412000E2701 /* CouponAppUITests */ = {
			isa = PBXNativeTarget;
			buildConfigurationList = 596303A11F431412000E2701 /* Build configuration list for PBXNativeTarget "CouponAppUITests" */;
			buildPhases = (
				1EFA6BAD1C5BB7FCCF30D4DC /* [CP] Check Pods Manifest.lock */,
				5963038E1F431412000E2701 /* Sources */,
				5963038F1F431412000E2701 /* Frameworks */,
				596303901F431412000E2701 /* Resources */,
				FF4E40DF04E5E9A33516D22D /* [CP] Embed Pods Frameworks */,
				C03D89128112E9CB8CB097C5 /* [CP] Copy Pods Resources */,
			);
			buildRules = (
			);
			dependencies = (
				596303941F431412000E2701 /* PBXTargetDependency */,
			);
			name = CouponAppUITests;
			productName = CouponAppUITests;
			productReference = 596303921F431412000E2701 /* CouponAppUITests.xctest */;
			productType = "com.apple.product-type.bundle.ui-testing";
		};
/* End PBXNativeTarget section */

/* Begin PBXProject section */
		5963036B1F431411000E2701 /* Project object */ = {
			isa = PBXProject;
			attributes = {
				LastSwiftUpdateCheck = 0830;
				LastUpgradeCheck = 0830;
				ORGANIZATIONNAME = "kim sunchul";
				TargetAttributes = {
					596303721F431411000E2701 = {
						CreatedOnToolsVersion = 8.3.3;
						ProvisioningStyle = Automatic;
					};
					596303861F431412000E2701 = {
						CreatedOnToolsVersion = 8.3.3;
						ProvisioningStyle = Automatic;
						TestTargetID = 596303721F431411000E2701;
					};
					596303911F431412000E2701 = {
						CreatedOnToolsVersion = 8.3.3;
						ProvisioningStyle = Automatic;
						TestTargetID = 596303721F431411000E2701;
					};
				};
			};
			buildConfigurationList = 5963036E1F431411000E2701 /* Build configuration list for PBXProject "CouponApp" */;
			compatibilityVersion = "Xcode 3.2";
			developmentRegion = English;
			hasScannedForEncodings = 0;
			knownRegions = (
				en,
				Base,
			);
			mainGroup = 5963036A1F431411000E2701;
			productRefGroup = 596303741F431411000E2701 /* Products */;
			projectDirPath = "";
			projectRoot = "";
			targets = (
				596303721F431411000E2701 /* CouponApp */,
				596303861F431412000E2701 /* CouponAppTests */,
				596303911F431412000E2701 /* CouponAppUITests */,
			);
		};
/* End PBXProject section */

/* Begin PBXResourcesBuildPhase section */
		596303711F431411000E2701 /* Resources */ = {
			isa = PBXResourcesBuildPhase;
			buildActionMask = 2147483647;
			files = (
				596303811F431411000E2701 /* LaunchScreen.storyboard in Resources */,
				59D9ABA01FCAD79600A1F78E /* coupon.db in Resources */,
				5963037E1F431411000E2701 /* Assets.xcassets in Resources */,
				5963037C1F431411000E2701 /* Main.storyboard in Resources */,
			);
			runOnlyForDeploymentPostprocessing = 0;
		};
		596303851F431412000E2701 /* Resources */ = {
			isa = PBXResourcesBuildPhase;
			buildActionMask = 2147483647;
			files = (
			);
			runOnlyForDeploymentPostprocessing = 0;
		};
		596303901F431412000E2701 /* Resources */ = {
			isa = PBXResourcesBuildPhase;
			buildActionMask = 2147483647;
			files = (
			);
			runOnlyForDeploymentPostprocessing = 0;
		};
/* End PBXResourcesBuildPhase section */

/* Begin PBXShellScriptBuildPhase section */
		12689F67A374BBAD2B41BE1E /* [CP] Check Pods Manifest.lock */ = {
			isa = PBXShellScriptBuildPhase;
			buildActionMask = 2147483647;
			files = (
			);
			inputPaths = (
				"${PODS_PODFILE_DIR_PATH}/Podfile.lock",
				"${PODS_ROOT}/Manifest.lock",
			);
			name = "[CP] Check Pods Manifest.lock";
			outputPaths = (
				"$(DERIVED_FILE_DIR)/Pods-CouponApp-checkManifestLockResult.txt",
			);
			runOnlyForDeploymentPostprocessing = 0;
			shellPath = /bin/sh;
			shellScript = "diff \"${PODS_PODFILE_DIR_PATH}/Podfile.lock\" \"${PODS_ROOT}/Manifest.lock\" > /dev/null\nif [ $? != 0 ] ; then\n    # print error to STDERR\n    echo \"error: The sandbox is not in sync with the Podfile.lock. Run 'pod install' or update your CocoaPods installation.\" >&2\n    exit 1\nfi\n# This output is used by Xcode 'outputs' to avoid re-running this script phase.\necho \"SUCCESS\" > \"${SCRIPT_OUTPUT_FILE_0}\"\n";
			showEnvVarsInLog = 0;
		};
		192FFF75A27D3EDA75D8536F /* [CP] Check Pods Manifest.lock */ = {
			isa = PBXShellScriptBuildPhase;
			buildActionMask = 2147483647;
			files = (
			);
			inputPaths = (
				"${PODS_PODFILE_DIR_PATH}/Podfile.lock",
				"${PODS_ROOT}/Manifest.lock",
			);
			name = "[CP] Check Pods Manifest.lock";
			outputPaths = (
				"$(DERIVED_FILE_DIR)/Pods-CouponAppTests-checkManifestLockResult.txt",
			);
			runOnlyForDeploymentPostprocessing = 0;
			shellPath = /bin/sh;
			shellScript = "diff \"${PODS_PODFILE_DIR_PATH}/Podfile.lock\" \"${PODS_ROOT}/Manifest.lock\" > /dev/null\nif [ $? != 0 ] ; then\n    # print error to STDERR\n    echo \"error: The sandbox is not in sync with the Podfile.lock. Run 'pod install' or update your CocoaPods installation.\" >&2\n    exit 1\nfi\n# This output is used by Xcode 'outputs' to avoid re-running this script phase.\necho \"SUCCESS\" > \"${SCRIPT_OUTPUT_FILE_0}\"\n";
			showEnvVarsInLog = 0;
		};
		1EFA6BAD1C5BB7FCCF30D4DC /* [CP] Check Pods Manifest.lock */ = {
			isa = PBXShellScriptBuildPhase;
			buildActionMask = 2147483647;
			files = (
			);
			inputPaths = (
				"${PODS_PODFILE_DIR_PATH}/Podfile.lock",
				"${PODS_ROOT}/Manifest.lock",
			);
			name = "[CP] Check Pods Manifest.lock";
			outputPaths = (
				"$(DERIVED_FILE_DIR)/Pods-CouponAppUITests-checkManifestLockResult.txt",
			);
			runOnlyForDeploymentPostprocessing = 0;
			shellPath = /bin/sh;
			shellScript = "diff \"${PODS_PODFILE_DIR_PATH}/Podfile.lock\" \"${PODS_ROOT}/Manifest.lock\" > /dev/null\nif [ $? != 0 ] ; then\n    # print error to STDERR\n    echo \"error: The sandbox is not in sync with the Podfile.lock. Run 'pod install' or update your CocoaPods installation.\" >&2\n    exit 1\nfi\n# This output is used by Xcode 'outputs' to avoid re-running this script phase.\necho \"SUCCESS\" > \"${SCRIPT_OUTPUT_FILE_0}\"\n";
			showEnvVarsInLog = 0;
		};
		9145A2C01FADA2A3476F1DA5 /* [CP] Embed Pods Frameworks */ = {
			isa = PBXShellScriptBuildPhase;
			buildActionMask = 2147483647;
			files = (
			);
			inputPaths = (
			);
			name = "[CP] Embed Pods Frameworks";
			outputPaths = (
			);
			runOnlyForDeploymentPostprocessing = 0;
			shellPath = /bin/sh;
			shellScript = "\"${SRCROOT}/Pods/Target Support Files/Pods-CouponAppTests/Pods-CouponAppTests-frameworks.sh\"\n";
			showEnvVarsInLog = 0;
		};
		A40B1F91B63B8F66DC6B2AF0 /* [CP] Embed Pods Frameworks */ = {
			isa = PBXShellScriptBuildPhase;
			buildActionMask = 2147483647;
			files = (
			);
			inputPaths = (
				"${SRCROOT}/Pods/Target Support Files/Pods-CouponApp/Pods-CouponApp-frameworks.sh",
				"${BUILT_PRODUCTS_DIR}/Alamofire/Alamofire.framework",
				"${BUILT_PRODUCTS_DIR}/SVProgressHUD/SVProgressHUD.framework",
			);
			name = "[CP] Embed Pods Frameworks";
			outputPaths = (
				"${TARGET_BUILD_DIR}/${FRAMEWORKS_FOLDER_PATH}/Alamofire.framework",
				"${TARGET_BUILD_DIR}/${FRAMEWORKS_FOLDER_PATH}/SVProgressHUD.framework",
			);
			runOnlyForDeploymentPostprocessing = 0;
			shellPath = /bin/sh;
			shellScript = "\"${SRCROOT}/Pods/Target Support Files/Pods-CouponApp/Pods-CouponApp-frameworks.sh\"\n";
			showEnvVarsInLog = 0;
		};
		C03D89128112E9CB8CB097C5 /* [CP] Copy Pods Resources */ = {
			isa = PBXShellScriptBuildPhase;
			buildActionMask = 2147483647;
			files = (
			);
			inputPaths = (
			);
			name = "[CP] Copy Pods Resources";
			outputPaths = (
			);
			runOnlyForDeploymentPostprocessing = 0;
			shellPath = /bin/sh;
			shellScript = "\"${SRCROOT}/Pods/Target Support Files/Pods-CouponAppUITests/Pods-CouponAppUITests-resources.sh\"\n";
			showEnvVarsInLog = 0;
		};
		F20EE737AAAA3E38ACBC0013 /* [CP] Copy Pods Resources */ = {
			isa = PBXShellScriptBuildPhase;
			buildActionMask = 2147483647;
			files = (
			);
			inputPaths = (
			);
			name = "[CP] Copy Pods Resources";
			outputPaths = (
			);
			runOnlyForDeploymentPostprocessing = 0;
			shellPath = /bin/sh;
			shellScript = "\"${SRCROOT}/Pods/Target Support Files/Pods-CouponAppTests/Pods-CouponAppTests-resources.sh\"\n";
			showEnvVarsInLog = 0;
		};
		F5F33046233AA2D05EC9DF61 /* [CP] Copy Pods Resources */ = {
			isa = PBXShellScriptBuildPhase;
			buildActionMask = 2147483647;
			files = (
			);
			inputPaths = (
			);
			name = "[CP] Copy Pods Resources";
			outputPaths = (
			);
			runOnlyForDeploymentPostprocessing = 0;
			shellPath = /bin/sh;
			shellScript = "\"${SRCROOT}/Pods/Target Support Files/Pods-CouponApp/Pods-CouponApp-resources.sh\"\n";
			showEnvVarsInLog = 0;
		};
		FF4E40DF04E5E9A33516D22D /* [CP] Embed Pods Frameworks */ = {
			isa = PBXShellScriptBuildPhase;
			buildActionMask = 2147483647;
			files = (
			);
			inputPaths = (
			);
			name = "[CP] Embed Pods Frameworks";
			outputPaths = (
			);
			runOnlyForDeploymentPostprocessing = 0;
			shellPath = /bin/sh;
			shellScript = "\"${SRCROOT}/Pods/Target Support Files/Pods-CouponAppUITests/Pods-CouponAppUITests-frameworks.sh\"\n";
			showEnvVarsInLog = 0;
		};
/* End PBXShellScriptBuildPhase section */

/* Begin PBXSourcesBuildPhase section */
		5963036F1F431411000E2701 /* Sources */ = {
			isa = PBXSourcesBuildPhase;
			buildActionMask = 2147483647;
			files = (
				596303791F431411000E2701 /* ViewController.swift in Sources */,
				594A563C1FD814EC005EAA9C /* MerchantModel.swift in Sources */,
				596303771F431411000E2701 /* AppDelegate.swift in Sources */,
				5960FA2F1FCEE18300135CA4 /* UserMerchantTableViewController.swift in Sources */,
				592FE2161FCAD9FB00C07C84 /* CouponView.swift in Sources */,
				59D9ABA11FCAD79600A1F78E /* SQLInterface.swift in Sources */,
				594A563A1FD814AF005EAA9C /* UserCouponModel.swift in Sources */,
				596303A51F4314E3000E2701 /* CouponListViewController.swift in Sources */,
			);
			runOnlyForDeploymentPostprocessing = 0;
		};
		596303831F431412000E2701 /* Sources */ = {
			isa = PBXSourcesBuildPhase;
			buildActionMask = 2147483647;
			files = (
				5963038C1F431412000E2701 /* CouponAppTests.swift in Sources */,
			);
			runOnlyForDeploymentPostprocessing = 0;
		};
		5963038E1F431412000E2701 /* Sources */ = {
			isa = PBXSourcesBuildPhase;
			buildActionMask = 2147483647;
			files = (
				596303971F431412000E2701 /* CouponAppUITests.swift in Sources */,
			);
			runOnlyForDeploymentPostprocessing = 0;
		};
/* End PBXSourcesBuildPhase section */

/* Begin PBXTargetDependency section */
		596303891F431412000E2701 /* PBXTargetDependency */ = {
			isa = PBXTargetDependency;
			target = 596303721F431411000E2701 /* CouponApp */;
			targetProxy = 596303881F431412000E2701 /* PBXContainerItemProxy */;
		};
		596303941F431412000E2701 /* PBXTargetDependency */ = {
			isa = PBXTargetDependency;
			target = 596303721F431411000E2701 /* CouponApp */;
			targetProxy = 596303931F431412000E2701 /* PBXContainerItemProxy */;
		};
/* End PBXTargetDependency section */

/* Begin PBXVariantGroup section */
		5963037A1F431411000E2701 /* Main.storyboard */ = {
			isa = PBXVariantGroup;
			children = (
				5963037B1F431411000E2701 /* Base */,
			);
			name = Main.storyboard;
			sourceTree = "<group>";
		};
		5963037F1F431411000E2701 /* LaunchScreen.storyboard */ = {
			isa = PBXVariantGroup;
			children = (
				596303801F431411000E2701 /* Base */,
			);
			name = LaunchScreen.storyboard;
			sourceTree = "<group>";
		};
/* End PBXVariantGroup section */

/* Begin XCBuildConfiguration section */
		596303991F431412000E2701 /* Debug */ = {
			isa = XCBuildConfiguration;
			buildSettings = {
				ALWAYS_SEARCH_USER_PATHS = NO;
				CLANG_ANALYZER_NONNULL = YES;
				CLANG_ANALYZER_NUMBER_OBJECT_CONVERSION = YES_AGGRESSIVE;
				CLANG_CXX_LANGUAGE_STANDARD = "gnu++0x";
				CLANG_CXX_LIBRARY = "libc++";
				CLANG_ENABLE_MODULES = YES;
				CLANG_ENABLE_OBJC_ARC = YES;
				CLANG_WARN_BOOL_CONVERSION = YES;
				CLANG_WARN_CONSTANT_CONVERSION = YES;
				CLANG_WARN_DIRECT_OBJC_ISA_USAGE = YES_ERROR;
				CLANG_WARN_DOCUMENTATION_COMMENTS = YES;
				CLANG_WARN_EMPTY_BODY = YES;
				CLANG_WARN_ENUM_CONVERSION = YES;
				CLANG_WARN_INFINITE_RECURSION = YES;
				CLANG_WARN_INT_CONVERSION = YES;
				CLANG_WARN_OBJC_ROOT_CLASS = YES_ERROR;
				CLANG_WARN_SUSPICIOUS_MOVE = YES;
				CLANG_WARN_UNREACHABLE_CODE = YES;
				CLANG_WARN__DUPLICATE_METHOD_MATCH = YES;
				"CODE_SIGN_IDENTITY[sdk=iphoneos*]" = "iPhone Developer";
				COPY_PHASE_STRIP = NO;
				DEBUG_INFORMATION_FORMAT = dwarf;
				ENABLE_STRICT_OBJC_MSGSEND = YES;
				ENABLE_TESTABILITY = YES;
				GCC_C_LANGUAGE_STANDARD = gnu99;
				GCC_DYNAMIC_NO_PIC = NO;
				GCC_NO_COMMON_BLOCKS = YES;
				GCC_OPTIMIZATION_LEVEL = 0;
				GCC_PREPROCESSOR_DEFINITIONS = (
					"DEBUG=1",
					"$(inherited)",
				);
				GCC_WARN_64_TO_32_BIT_CONVERSION = YES;
				GCC_WARN_ABOUT_RETURN_TYPE = YES_ERROR;
				GCC_WARN_UNDECLARED_SELECTOR = YES;
				GCC_WARN_UNINITIALIZED_AUTOS = YES_AGGRESSIVE;
				GCC_WARN_UNUSED_FUNCTION = YES;
				GCC_WARN_UNUSED_VARIABLE = YES;
				IPHONEOS_DEPLOYMENT_TARGET = 10.3;
				MTL_ENABLE_DEBUG_INFO = YES;
				ONLY_ACTIVE_ARCH = YES;
				SDKROOT = iphoneos;
				SWIFT_ACTIVE_COMPILATION_CONDITIONS = DEBUG;
				SWIFT_OPTIMIZATION_LEVEL = "-Onone";
				TARGETED_DEVICE_FAMILY = "1,2";
			};
			name = Debug;
		};
		5963039A1F431412000E2701 /* Release */ = {
			isa = XCBuildConfiguration;
			buildSettings = {
				ALWAYS_SEARCH_USER_PATHS = NO;
				CLANG_ANALYZER_NONNULL = YES;
				CLANG_ANALYZER_NUMBER_OBJECT_CONVERSION = YES_AGGRESSIVE;
				CLANG_CXX_LANGUAGE_STANDARD = "gnu++0x";
				CLANG_CXX_LIBRARY = "libc++";
				CLANG_ENABLE_MODULES = YES;
				CLANG_ENABLE_OBJC_ARC = YES;
				CLANG_WARN_BOOL_CONVERSION = YES;
				CLANG_WARN_CONSTANT_CONVERSION = YES;
				CLANG_WARN_DIRECT_OBJC_ISA_USAGE = YES_ERROR;
				CLANG_WARN_DOCUMENTATION_COMMENTS = YES;
				CLANG_WARN_EMPTY_BODY = YES;
				CLANG_WARN_ENUM_CONVERSION = YES;
				CLANG_WARN_INFINITE_RECURSION = YES;
				CLANG_WARN_INT_CONVERSION = YES;
				CLANG_WARN_OBJC_ROOT_CLASS = YES_ERROR;
				CLANG_WARN_SUSPICIOUS_MOVE = YES;
				CLANG_WARN_UNREACHABLE_CODE = YES;
				CLANG_WARN__DUPLICATE_METHOD_MATCH = YES;
				"CODE_SIGN_IDENTITY[sdk=iphoneos*]" = "iPhone Developer";
				COPY_PHASE_STRIP = NO;
				DEBUG_INFORMATION_FORMAT = "dwarf-with-dsym";
				ENABLE_NS_ASSERTIONS = NO;
				ENABLE_STRICT_OBJC_MSGSEND = YES;
				GCC_C_LANGUAGE_STANDARD = gnu99;
				GCC_NO_COMMON_BLOCKS = YES;
				GCC_WARN_64_TO_32_BIT_CONVERSION = YES;
				GCC_WARN_ABOUT_RETURN_TYPE = YES_ERROR;
				GCC_WARN_UNDECLARED_SELECTOR = YES;
				GCC_WARN_UNINITIALIZED_AUTOS = YES_AGGRESSIVE;
				GCC_WARN_UNUSED_FUNCTION = YES;
				GCC_WARN_UNUSED_VARIABLE = YES;
				IPHONEOS_DEPLOYMENT_TARGET = 10.3;
				MTL_ENABLE_DEBUG_INFO = NO;
				SDKROOT = iphoneos;
				SWIFT_OPTIMIZATION_LEVEL = "-Owholemodule";
				TARGETED_DEVICE_FAMILY = "1,2";
				VALIDATE_PRODUCT = YES;
			};
			name = Release;
		};
		5963039C1F431412000E2701 /* Debug */ = {
			isa = XCBuildConfiguration;
			baseConfigurationReference = C4E91D97CC703791789EE5F7 /* Pods-CouponApp.debug.xcconfig */;
			buildSettings = {
				ASSETCATALOG_COMPILER_APPICON_NAME = AppIcon;
				INFOPLIST_FILE = CouponApp/Info.plist;
				LD_RUNPATH_SEARCH_PATHS = "$(inherited) @executable_path/Frameworks";
				NEW_SETTING = "";
				PRODUCT_BUNDLE_IDENTIFIER = com.tronplay.tronplay.CouponApp;
				PRODUCT_NAME = "$(TARGET_NAME)";
				SWIFT_OBJC_BRIDGING_HEADER = "CouponApp/sqlite3/CouponApp-Bridging-Header.h";
				SWIFT_VERSION = 3.0;
			};
			name = Debug;
		};
		5963039D1F431412000E2701 /* Release */ = {
			isa = XCBuildConfiguration;
			baseConfigurationReference = 59864E9F59AE114B7BD338A5 /* Pods-CouponApp.release.xcconfig */;
			buildSettings = {
				ASSETCATALOG_COMPILER_APPICON_NAME = AppIcon;
				INFOPLIST_FILE = CouponApp/Info.plist;
				LD_RUNPATH_SEARCH_PATHS = "$(inherited) @executable_path/Frameworks";
				NEW_SETTING = "";
				PRODUCT_BUNDLE_IDENTIFIER = com.tronplay.tronplay.CouponApp;
				PRODUCT_NAME = "$(TARGET_NAME)";
				SWIFT_OBJC_BRIDGING_HEADER = "CouponApp/sqlite3/CouponApp-Bridging-Header.h";
				SWIFT_VERSION = 3.0;
			};
			name = Release;
		};
		5963039F1F431412000E2701 /* Debug */ = {
			isa = XCBuildConfiguration;
			baseConfigurationReference = A9CB625640CD127D29FA30C7 /* Pods-CouponAppTests.debug.xcconfig */;
			buildSettings = {
				ALWAYS_EMBED_SWIFT_STANDARD_LIBRARIES = YES;
				BUNDLE_LOADER = "$(TEST_HOST)";
				INFOPLIST_FILE = CouponAppTests/Info.plist;
				LD_RUNPATH_SEARCH_PATHS = "$(inherited) @executable_path/Frameworks @loader_path/Frameworks";
				PRODUCT_BUNDLE_IDENTIFIER = com.tronplay.tronplay.CouponAppTests;
				PRODUCT_NAME = "$(TARGET_NAME)";
				SWIFT_VERSION = 3.0;
				TEST_HOST = "$(BUILT_PRODUCTS_DIR)/CouponApp.app/CouponApp";
			};
			name = Debug;
		};
		596303A01F431412000E2701 /* Release */ = {
			isa = XCBuildConfiguration;
			baseConfigurationReference = FF3AEACDD981EAA9CE137BBC /* Pods-CouponAppTests.release.xcconfig */;
			buildSettings = {
				ALWAYS_EMBED_SWIFT_STANDARD_LIBRARIES = YES;
				BUNDLE_LOADER = "$(TEST_HOST)";
				INFOPLIST_FILE = CouponAppTests/Info.plist;
				LD_RUNPATH_SEARCH_PATHS = "$(inherited) @executable_path/Frameworks @loader_path/Frameworks";
				PRODUCT_BUNDLE_IDENTIFIER = com.tronplay.tronplay.CouponAppTests;
				PRODUCT_NAME = "$(TARGET_NAME)";
				SWIFT_VERSION = 3.0;
				TEST_HOST = "$(BUILT_PRODUCTS_DIR)/CouponApp.app/CouponApp";
			};
			name = Release;
		};
		596303A21F431412000E2701 /* Debug */ = {
			isa = XCBuildConfiguration;
			baseConfigurationReference = D3BAB4F2F2BAAA4889813215 /* Pods-CouponAppUITests.debug.xcconfig */;
			buildSettings = {
				ALWAYS_EMBED_SWIFT_STANDARD_LIBRARIES = YES;
				INFOPLIST_FILE = CouponAppUITests/Info.plist;
				LD_RUNPATH_SEARCH_PATHS = "$(inherited) @executable_path/Frameworks @loader_path/Frameworks";
				PRODUCT_BUNDLE_IDENTIFIER = com.tronplay.tronplay.CouponAppUITests;
				PRODUCT_NAME = "$(TARGET_NAME)";
				SWIFT_VERSION = 3.0;
				TEST_TARGET_NAME = CouponApp;
			};
			name = Debug;
		};
		596303A31F431412000E2701 /* Release */ = {
			isa = XCBuildConfiguration;
			baseConfigurationReference = 147FDE59F9F30C0EF2E0F3D7 /* Pods-CouponAppUITests.release.xcconfig */;
			buildSettings = {
				ALWAYS_EMBED_SWIFT_STANDARD_LIBRARIES = YES;
				INFOPLIST_FILE = CouponAppUITests/Info.plist;
				LD_RUNPATH_SEARCH_PATHS = "$(inherited) @executable_path/Frameworks @loader_path/Frameworks";
				PRODUCT_BUNDLE_IDENTIFIER = com.tronplay.tronplay.CouponAppUITests;
				PRODUCT_NAME = "$(TARGET_NAME)";
				SWIFT_VERSION = 3.0;
				TEST_TARGET_NAME = CouponApp;
			};
			name = Release;
		};
/* End XCBuildConfiguration section */

/* Begin XCConfigurationList section */
		5963036E1F431411000E2701 /* Build configuration list for PBXProject "CouponApp" */ = {
			isa = XCConfigurationList;
			buildConfigurations = (
				596303991F431412000E2701 /* Debug */,
				5963039A1F431412000E2701 /* Release */,
			);
			defaultConfigurationIsVisible = 0;
			defaultConfigurationName = Release;
		};
		5963039B1F431412000E2701 /* Build configuration list for PBXNativeTarget "CouponApp" */ = {
			isa = XCConfigurationList;
			buildConfigurations = (
				5963039C1F431412000E2701 /* Debug */,
				5963039D1F431412000E2701 /* Release */,
			);
			defaultConfigurationIsVisible = 0;
			defaultConfigurationName = Release;
		};
		5963039E1F431412000E2701 /* Build configuration list for PBXNativeTarget "CouponAppTests" */ = {
			isa = XCConfigurationList;
			buildConfigurations = (
				5963039F1F431412000E2701 /* Debug */,
				596303A01F431412000E2701 /* Release */,
			);
			defaultConfigurationIsVisible = 0;
			defaultConfigurationName = Release;
		};
		596303A11F431412000E2701 /* Build configuration list for PBXNativeTarget "CouponAppUITests" */ = {
			isa = XCConfigurationList;
			buildConfigurations = (
				596303A21F431412000E2701 /* Debug */,
				596303A31F431412000E2701 /* Release */,
			);
			defaultConfigurationIsVisible = 0;
			defaultConfigurationName = Release;
		};
/* End XCConfigurationList section */
	};
	rootObject = 5963036B1F431411000E2701 /* Project object */;
}
