PODS:
  - Alamofire (5.4.0)
  - AlamofireImage (4.1.0):
    - Alamofire (~> 5.1)
  - AnimatedTextInput (0.5.5)
  - FMDB (2.7.5):
    - FMDB/standard (= 2.7.5)
  - FMDB/standard (2.7.5)
  - RxCocoa (5.1.1):
    - RxRelay (~> 5)
    - RxSwift (~> 5)
  - RxOptional (4.1.0):
    - RxCocoa (~> 5)
    - RxSwift (~> 5)
  - RxRelay (5.1.1):
    - RxSwift (~> 5)
  - RxSwift (5.1.1)
  - SVProgressHUD (2.2.5)

DEPENDENCIES:
  - Alamofire
  - AlamofireImage
  - AnimatedTextInput
  - FMDB
  - RxCocoa
  - RxOptional
  - RxSwift
  - SVProgressHUD (~> 2.2.2)

SPEC REPOS:
  trunk:
    - Alamofire
    - AlamofireImage
    - AnimatedTextInput
    - FMDB
    - RxCocoa
    - RxOptional
    - RxRelay
    - RxSwift
    - SVProgressHUD

SPEC CHECKSUMS:
  Alamofire: 3b6a534a3df22db367e4dedeeca73d1ddfcf0e2f
  AlamofireImage: c4a2ba349885fb3064feb74d2e547bd42ce9be10
  AnimatedTextInput: aadbdfa5a538a03cc9fbea700b43d2bb21a5d132
  FMDB: 2ce00b547f966261cd18927a3ddb07cb6f3db82a
  RxCocoa: 32065309a38d29b5b0db858819b5bf9ef038b601
  RxOptional: b1fcd60856807a564c0215c2184b8d33e7826dc2
  RxRelay: d77f7d771495f43c556cbc43eebd1bb54d01e8e9
  RxSwift: 81470a2074fa8780320ea5fe4102807cb7118178
  SVProgressHUD: 1428aafac632c1f86f62aa4243ec12008d7a51d6

PODFILE CHECKSUM: 2675a13245dbd6fa74121d4dc5143d18408717d9

COCOAPODS: 1.8.4
